// !$*UTF8*$!
{
	archiveVersion = 1;
	classes = {
	};
	objectVersion = 51;
	objects = {

/* Begin PBXBuildFile section */
		7A062D4122E448F7009CC725 /* AppDelegate.swift in Sources */ = {isa = PBXBuildFile; fileRef = 7A062D4022E448F7009CC725 /* AppDelegate.swift */; };
		7A062D4322E448F7009CC725 /* ViewController.swift in Sources */ = {isa = PBXBuildFile; fileRef = 7A062D4222E448F7009CC725 /* ViewController.swift */; };
		7A062D4622E448F7009CC725 /* Main.storyboard in Resources */ = {isa = PBXBuildFile; fileRef = 7A062D4422E448F7009CC725 /* Main.storyboard */; };
		7A062D4822E448F8009CC725 /* Assets.xcassets in Resources */ = {isa = PBXBuildFile; fileRef = 7A062D4722E448F8009CC725 /* Assets.xcassets */; };
		7A062D4B22E448F8009CC725 /* LaunchScreen.storyboard in Resources */ = {isa = PBXBuildFile; fileRef = 7A062D4922E448F8009CC725 /* LaunchScreen.storyboard */; };
		7A062D5322E44D96009CC725 /* GoogleService-Info.plist in Resources */ = {isa = PBXBuildFile; fileRef = 7A062D5222E44D96009CC725 /* GoogleService-Info.plist */; };
		7A062D5522E6F259009CC725 /* HomeController.swift in Sources */ = {isa = PBXBuildFile; fileRef = 7A062D5422E6F259009CC725 /* HomeController.swift */; };
		7A062D5722E6F265009CC725 /* UserController.swift in Sources */ = {isa = PBXBuildFile; fileRef = 7A062D5622E6F265009CC725 /* UserController.swift */; };
		7A062D5922E82F01009CC725 /* UploadController.swift in Sources */ = {isa = PBXBuildFile; fileRef = 7A062D5822E82F01009CC725 /* UploadController.swift */; };
		A92FCAC5F9F21C6EB4888949 /* Pods_ChicshinFirebaseFacebookAuth.framework in Frameworks */ = {isa = PBXBuildFile; fileRef = 65DA785578D9FD29940C0393 /* Pods_ChicshinFirebaseFacebookAuth.framework */; };
/* End PBXBuildFile section */

/* Begin PBXFileReference section */
		65DA785578D9FD29940C0393 /* Pods_ChicshinFirebaseFacebookAuth.framework */ = {isa = PBXFileReference; explicitFileType = wrapper.framework; includeInIndex = 0; path = Pods_ChicshinFirebaseFacebookAuth.framework; sourceTree = BUILT_PRODUCTS_DIR; };
		788531E0836C6C9AF9F4351B /* Pods-ChicshinFirebaseFacebookAuth.release.xcconfig */ = {isa = PBXFileReference; includeInIndex = 1; lastKnownFileType = text.xcconfig; name = "Pods-ChicshinFirebaseFacebookAuth.release.xcconfig"; path = "Target Support Files/Pods-ChicshinFirebaseFacebookAuth/Pods-ChicshinFirebaseFacebookAuth.release.xcconfig"; sourceTree = "<group>"; };
		7A062D3D22E448F7009CC725 /* ChicshinFirebaseFacebookAuth.app */ = {isa = PBXFileReference; explicitFileType = wrapper.application; includeInIndex = 0; path = ChicshinFirebaseFacebookAuth.app; sourceTree = BUILT_PRODUCTS_DIR; };
		7A062D4022E448F7009CC725 /* AppDelegate.swift */ = {isa = PBXFileReference; lastKnownFileType = sourcecode.swift; path = AppDelegate.swift; sourceTree = "<group>"; };
		7A062D4222E448F7009CC725 /* ViewController.swift */ = {isa = PBXFileReference; lastKnownFileType = sourcecode.swift; path = ViewController.swift; sourceTree = "<group>"; };
		7A062D4522E448F7009CC725 /* Base */ = {isa = PBXFileReference; lastKnownFileType = file.storyboard; name = Base; path = Base.lproj/Main.storyboard; sourceTree = "<group>"; };
		7A062D4722E448F8009CC725 /* Assets.xcassets */ = {isa = PBXFileReference; lastKnownFileType = folder.assetcatalog; path = Assets.xcassets; sourceTree = "<group>"; };
		7A062D4A22E448F8009CC725 /* Base */ = {isa = PBXFileReference; lastKnownFileType = file.storyboard; name = Base; path = Base.lproj/LaunchScreen.storyboard; sourceTree = "<group>"; };
		7A062D4C22E448F8009CC725 /* Info.plist */ = {isa = PBXFileReference; lastKnownFileType = text.plist.xml; path = Info.plist; sourceTree = "<group>"; };
		7A062D5222E44D96009CC725 /* GoogleService-Info.plist */ = {isa = PBXFileReference; fileEncoding = 4; lastKnownFileType = text.plist.xml; path = "GoogleService-Info.plist"; sourceTree = "<group>"; };
		7A062D5422E6F259009CC725 /* HomeController.swift */ = {isa = PBXFileReference; lastKnownFileType = sourcecode.swift; path = HomeController.swift; sourceTree = "<group>"; };
		7A062D5622E6F265009CC725 /* UserController.swift */ = {isa = PBXFileReference; lastKnownFileType = sourcecode.swift; path = UserController.swift; sourceTree = "<group>"; };
		7A062D5822E82F01009CC725 /* UploadController.swift */ = {isa = PBXFileReference; lastKnownFileType = sourcecode.swift; path = UploadController.swift; sourceTree = "<group>"; };
		D8A0DB944579A5F0C8D7BB26 /* Pods-ChicshinFirebaseFacebookAuth.debug.xcconfig */ = {isa = PBXFileReference; includeInIndex = 1; lastKnownFileType = text.xcconfig; name = "Pods-ChicshinFirebaseFacebookAuth.debug.xcconfig"; path = "Target Support Files/Pods-ChicshinFirebaseFacebookAuth/Pods-ChicshinFirebaseFacebookAuth.debug.xcconfig"; sourceTree = "<group>"; };
/* End PBXFileReference section */

/* Begin PBXFrameworksBuildPhase section */
		7A062D3A22E448F7009CC725 /* Frameworks */ = {
			isa = PBXFrameworksBuildPhase;
			buildActionMask = 2147483647;
			files = (
				A92FCAC5F9F21C6EB4888949 /* Pods_ChicshinFirebaseFacebookAuth.framework in Frameworks */,
			);
			runOnlyForDeploymentPostprocessing = 0;
		};
/* End PBXFrameworksBuildPhase section */

/* Begin PBXGroup section */
		0045ABDEB0A1ACB0BBB2EE84 /* Frameworks */ = {
			isa = PBXGroup;
			children = (
				65DA785578D9FD29940C0393 /* Pods_ChicshinFirebaseFacebookAuth.framework */,
			);
			name = Frameworks;
			sourceTree = "<group>";
		};
		7A062D3422E448F7009CC725 = {
			isa = PBXGroup;
			children = (
				7A062D3F22E448F7009CC725 /* ChicshinFirebaseFacebookAuth */,
				7A062D3E22E448F7009CC725 /* Products */,
				E70E05F0D8897B2838CC8F25 /* Pods */,
				0045ABDEB0A1ACB0BBB2EE84 /* Frameworks */,
			);
			sourceTree = "<group>";
		};
		7A062D3E22E448F7009CC725 /* Products */ = {
			isa = PBXGroup;
			children = (
				7A062D3D22E448F7009CC725 /* ChicshinFirebaseFacebookAuth.app */,
			);
			name = Products;
			sourceTree = "<group>";
		};
		7A062D3F22E448F7009CC725 /* ChicshinFirebaseFacebookAuth */ = {
			isa = PBXGroup;
			children = (
				7A062D4022E448F7009CC725 /* AppDelegate.swift */,
				7A062D4222E448F7009CC725 /* ViewController.swift */,
				7A062D4422E448F7009CC725 /* Main.storyboard */,
				7A062D4722E448F8009CC725 /* Assets.xcassets */,
				7A062D5222E44D96009CC725 /* GoogleService-Info.plist */,
				7A062D4922E448F8009CC725 /* LaunchScreen.storyboard */,
				7A062D4C22E448F8009CC725 /* Info.plist */,
				7A062D5422E6F259009CC725 /* HomeController.swift */,
				7A062D5622E6F265009CC725 /* UserController.swift */,
				7A062D5822E82F01009CC725 /* UploadController.swift */,
			);
			path = ChicshinFirebaseFacebookAuth;
			sourceTree = "<group>";
		};
		E70E05F0D8897B2838CC8F25 /* Pods */ = {
			isa = PBXGroup;
			children = (
				D8A0DB944579A5F0C8D7BB26 /* Pods-ChicshinFirebaseFacebookAuth.debug.xcconfig */,
				788531E0836C6C9AF9F4351B /* Pods-ChicshinFirebaseFacebookAuth.release.xcconfig */,
			);
			path = Pods;
			sourceTree = "<group>";
		};
/* End PBXGroup section */

/* Begin PBXNativeTarget section */
		7A062D3C22E448F7009CC725 /* ChicshinFirebaseFacebookAuth */ = {
			isa = PBXNativeTarget;
			buildConfigurationList = 7A062D4F22E448F8009CC725 /* Build configuration list for PBXNativeTarget "ChicshinFirebaseFacebookAuth" */;
			buildPhases = (
				80877F3A67D9AEA6E1F2AA08 /* [CP] Check Pods Manifest.lock */,
				7A062D3922E448F7009CC725 /* Sources */,
				7A062D3A22E448F7009CC725 /* Frameworks */,
				7A062D3B22E448F7009CC725 /* Resources */,
				A7B306798AB701993491B6C4 /* [CP] Embed Pods Frameworks */,
			);
			buildRules = (
			);
			dependencies = (
			);
			name = ChicshinFirebaseFacebookAuth;
			productName = ChicshinFirebaseFacebookAuth;
			productReference = 7A062D3D22E448F7009CC725 /* ChicshinFirebaseFacebookAuth.app */;
			productType = "com.apple.product-type.application";
		};
/* End PBXNativeTarget section */

/* Begin PBXProject section */
		7A062D3522E448F7009CC725 /* Project object */ = {
			isa = PBXProject;
			attributes = {
				LastSwiftUpdateCheck = 1020;
				LastUpgradeCheck = 1020;
				ORGANIZATIONNAME = "Jane Shin";
				TargetAttributes = {
					7A062D3C22E448F7009CC725 = {
						CreatedOnToolsVersion = 10.2.1;
					};
				};
			};
			buildConfigurationList = 7A062D3822E448F7009CC725 /* Build configuration list for PBXProject "ChicshinFirebaseFacebookAuth" */;
			compatibilityVersion = "Xcode 9.3";
			developmentRegion = en;
			hasScannedForEncodings = 0;
			knownRegions = (
				en,
				Base,
			);
			mainGroup = 7A062D3422E448F7009CC725;
			productRefGroup = 7A062D3E22E448F7009CC725 /* Products */;
			projectDirPath = "";
			projectRoot = "";
			targets = (
				7A062D3C22E448F7009CC725 /* ChicshinFirebaseFacebookAuth */,
			);
		};
/* End PBXProject section */

/* Begin PBXResourcesBuildPhase section */
		7A062D3B22E448F7009CC725 /* Resources */ = {
			isa = PBXResourcesBuildPhase;
			buildActionMask = 2147483647;
			files = (
				7A062D4B22E448F8009CC725 /* LaunchScreen.storyboard in Resources */,
				7A062D5322E44D96009CC725 /* GoogleService-Info.plist in Resources */,
				7A062D4822E448F8009CC725 /* Assets.xcassets in Resources */,
				7A062D4622E448F7009CC725 /* Main.storyboard in Resources */,
			);
			runOnlyForDeploymentPostprocessing = 0;
		};
/* End PBXResourcesBuildPhase section */

/* Begin PBXShellScriptBuildPhase section */
		80877F3A67D9AEA6E1F2AA08 /* [CP] Check Pods Manifest.lock */ = {
			isa = PBXShellScriptBuildPhase;
			buildActionMask = 2147483647;
			files = (
			);
			inputFileListPaths = (
			);
			inputPaths = (
				"${PODS_PODFILE_DIR_PATH}/Podfile.lock",
				"${PODS_ROOT}/Manifest.lock",
			);
			name = "[CP] Check Pods Manifest.lock";
			outputFileListPaths = (
			);
			outputPaths = (
				"$(DERIVED_FILE_DIR)/Pods-ChicshinFirebaseFacebookAuth-checkManifestLockResult.txt",
			);
			runOnlyForDeploymentPostprocessing = 0;
			shellPath = /bin/sh;
			shellScript = "diff \"${PODS_PODFILE_DIR_PATH}/Podfile.lock\" \"${PODS_ROOT}/Manifest.lock\" > /dev/null\nif [ $? != 0 ] ; then\n    # print error to STDERR\n    echo \"error: The sandbox is not in sync with the Podfile.lock. Run 'pod install' or update your CocoaPods installation.\" >&2\n    exit 1\nfi\n# This output is used by Xcode 'outputs' to avoid re-running this script phase.\necho \"SUCCESS\" > \"${SCRIPT_OUTPUT_FILE_0}\"\n";
			showEnvVarsInLog = 0;
		};
		A7B306798AB701993491B6C4 /* [CP] Embed Pods Frameworks */ = {
			isa = PBXShellScriptBuildPhase;
			buildActionMask = 2147483647;
			files = (
			);
			inputFileListPaths = (
				"${PODS_ROOT}/Target Support Files/Pods-ChicshinFirebaseFacebookAuth/Pods-ChicshinFirebaseFacebookAuth-frameworks-${CONFIGURATION}-input-files.xcfilelist",
			);
			name = "[CP] Embed Pods Frameworks";
			outputFileListPaths = (
				"${PODS_ROOT}/Target Support Files/Pods-ChicshinFirebaseFacebookAuth/Pods-ChicshinFirebaseFacebookAuth-frameworks-${CONFIGURATION}-output-files.xcfilelist",
			);
			runOnlyForDeploymentPostprocessing = 0;
			shellPath = /bin/sh;
			shellScript = "\"${PODS_ROOT}/Target Support Files/Pods-ChicshinFirebaseFacebookAuth/Pods-ChicshinFirebaseFacebookAuth-frameworks.sh\"\n";
			showEnvVarsInLog = 0;
		};
/* End PBXShellScriptBuildPhase section */

/* Begin PBXSourcesBuildPhase section */
		7A062D3922E448F7009CC725 /* Sources */ = {
			isa = PBXSourcesBuildPhase;
			buildActionMask = 2147483647;
			files = (
				7A062D4322E448F7009CC725 /* ViewController.swift in Sources */,
				7A062D5922E82F01009CC725 /* UploadController.swift in Sources */,
				7A062D4122E448F7009CC725 /* AppDelegate.swift in Sources */,
				7A062D5722E6F265009CC725 /* UserController.swift in Sources */,
				7A062D5522E6F259009CC725 /* HomeController.swift in Sources */,
			);
			runOnlyForDeploymentPostprocessing = 0;
		};
/* End PBXSourcesBuildPhase section */

/* Begin PBXVariantGroup section */
		7A062D4422E448F7009CC725 /* Main.storyboard */ = {
			isa = PBXVariantGroup;
			children = (
				7A062D4522E448F7009CC725 /* Base */,
			);
			name = Main.storyboard;
			sourceTree = "<group>";
		};
		7A062D4922E448F8009CC725 /* LaunchScreen.storyboard */ = {
			isa = PBXVariantGroup;
			children = (
				7A062D4A22E448F8009CC725 /* Base */,
			);
			name = LaunchScreen.storyboard;
			sourceTree = "<group>";
		};
/* End PBXVariantGroup section */

/* Begin XCBuildConfiguration section */
		7A062D4D22E448F8009CC725 /* Debug */ = {
			isa = XCBuildConfiguration;
			buildSettings = {
				ALWAYS_SEARCH_USER_PATHS = NO;
				CLANG_ANALYZER_NONNULL = YES;
				CLANG_ANALYZER_NUMBER_OBJECT_CONVERSION = YES_AGGRESSIVE;
				CLANG_CXX_LANGUAGE_STANDARD = "gnu++14";
				CLANG_CXX_LIBRARY = "libc++";
				CLANG_ENABLE_MODULES = YES;
				CLANG_ENABLE_OBJC_ARC = YES;
				CLANG_ENABLE_OBJC_WEAK = YES;
				CLANG_WARN_BLOCK_CAPTURE_AUTORELEASING = YES;
				CLANG_WARN_BOOL_CONVERSION = YES;
				CLANG_WARN_COMMA = YES;
				CLANG_WARN_CONSTANT_CONVERSION = YES;
				CLANG_WARN_DEPRECATED_OBJC_IMPLEMENTATIONS = YES;
				CLANG_WARN_DIRECT_OBJC_ISA_USAGE = YES_ERROR;
				CLANG_WARN_DOCUMENTATION_COMMENTS = YES;
				CLANG_WARN_EMPTY_BODY = YES;
				CLANG_WARN_ENUM_CONVERSION = YES;
				CLANG_WARN_INFINITE_RECURSION = YES;
				CLANG_WARN_INT_CONVERSION = YES;
				CLANG_WARN_NON_LITERAL_NULL_CONVERSION = YES;
				CLANG_WARN_OBJC_IMPLICIT_RETAIN_SELF = YES;
				CLANG_WARN_OBJC_LITERAL_CONVERSION = YES;
				CLANG_WARN_OBJC_ROOT_CLASS = YES_ERROR;
				CLANG_WARN_RANGE_LOOP_ANALYSIS = YES;
				CLANG_WARN_STRICT_PROTOTYPES = YES;
				CLANG_WARN_SUSPICIOUS_MOVE = YES;
				CLANG_WARN_UNGUARDED_AVAILABILITY = YES_AGGRESSIVE;
				CLANG_WARN_UNREACHABLE_CODE = YES;
				CLANG_WARN__DUPLICATE_METHOD_MATCH = YES;
				CODE_SIGN_IDENTITY = "iPhone Developer";
				COPY_PHASE_STRIP = NO;
				DEBUG_INFORMATION_FORMAT = dwarf;
				ENABLE_STRICT_OBJC_MSGSEND = YES;
				ENABLE_TESTABILITY = YES;
				GCC_C_LANGUAGE_STANDARD = gnu11;
				GCC_DYNAMIC_NO_PIC = NO;
				GCC_NO_COMMON_BLOCKS = YES;
				GCC_OPTIMIZATION_LEVEL = 0;
				GCC_PREPROCESSOR_DEFINITIONS = (
					"DEBUG=1",
					"$(inherited)",
				);
				GCC_WARN_64_TO_32_BIT_CONVERSION = YES;
				GCC_WARN_ABOUT_RETURN_TYPE = YES_ERROR;
				GCC_WARN_UNDECLARED_SELECTOR = YES;
				GCC_WARN_UNINITIALIZED_AUTOS = YES_AGGRESSIVE;
				GCC_WARN_UNUSED_FUNCTION = YES;
				GCC_WARN_UNUSED_VARIABLE = YES;
				IPHONEOS_DEPLOYMENT_TARGET = 12.2;
				MTL_ENABLE_DEBUG_INFO = INCLUDE_SOURCE;
				MTL_FAST_MATH = YES;
				ONLY_ACTIVE_ARCH = YES;
				SDKROOT = iphoneos;
				SWIFT_ACTIVE_COMPILATION_CONDITIONS = DEBUG;
				SWIFT_OPTIMIZATION_LEVEL = "-Onone";
			};
			name = Debug;
		};
		7A062D4E22E448F8009CC725 /* Release */ = {
			isa = XCBuildConfiguration;
			buildSettings = {
				ALWAYS_SEARCH_USER_PATHS = NO;
				CLANG_ANALYZER_NONNULL = YES;
				CLANG_ANALYZER_NUMBER_OBJECT_CONVERSION = YES_AGGRESSIVE;
				CLANG_CXX_LANGUAGE_STANDARD = "gnu++14";
				CLANG_CXX_LIBRARY = "libc++";
				CLANG_ENABLE_MODULES = YES;
				CLANG_ENABLE_OBJC_ARC = YES;
				CLANG_ENABLE_OBJC_WEAK = YES;
				CLANG_WARN_BLOCK_CAPTURE_AUTORELEASING = YES;
				CLANG_WARN_BOOL_CONVERSION = YES;
				CLANG_WARN_COMMA = YES;
				CLANG_WARN_CONSTANT_CONVERSION = YES;
				CLANG_WARN_DEPRECATED_OBJC_IMPLEMENTATIONS = YES;
				CLANG_WARN_DIRECT_OBJC_ISA_USAGE = YES_ERROR;
				CLANG_WARN_DOCUMENTATION_COMMENTS = YES;
				CLANG_WARN_EMPTY_BODY = YES;
				CLANG_WARN_ENUM_CONVERSION = YES;
				CLANG_WARN_INFINITE_RECURSION = YES;
				CLANG_WARN_INT_CONVERSION = YES;
				CLANG_WARN_NON_LITERAL_NULL_CONVERSION = YES;
				CLANG_WARN_OBJC_IMPLICIT_RETAIN_SELF = YES;
				CLANG_WARN_OBJC_LITERAL_CONVERSION = YES;
				CLANG_WARN_OBJC_ROOT_CLASS = YES_ERROR;
				CLANG_WARN_RANGE_LOOP_ANALYSIS = YES;
				CLANG_WARN_STRICT_PROTOTYPES = YES;
				CLANG_WARN_SUSPICIOUS_MOVE = YES;
				CLANG_WARN_UNGUARDED_AVAILABILITY = YES_AGGRESSIVE;
				CLANG_WARN_UNREACHABLE_CODE = YES;
				CLANG_WARN__DUPLICATE_METHOD_MATCH = YES;
				CODE_SIGN_IDENTITY = "iPhone Developer";
				COPY_PHASE_STRIP = NO;
				DEBUG_INFORMATION_FORMAT = "dwarf-with-dsym";
				ENABLE_NS_ASSERTIONS = NO;
				ENABLE_STRICT_OBJC_MSGSEND = YES;
				GCC_C_LANGUAGE_STANDARD = gnu11;
				GCC_NO_COMMON_BLOCKS = YES;
				GCC_WARN_64_TO_32_BIT_CONVERSION = YES;
				GCC_WARN_ABOUT_RETURN_TYPE = YES_ERROR;
				GCC_WARN_UNDECLARED_SELECTOR = YES;
				GCC_WARN_UNINITIALIZED_AUTOS = YES_AGGRESSIVE;
				GCC_WARN_UNUSED_FUNCTION = YES;
				GCC_WARN_UNUSED_VARIABLE = YES;
				IPHONEOS_DEPLOYMENT_TARGET = 12.2;
				MTL_ENABLE_DEBUG_INFO = NO;
				MTL_FAST_MATH = YES;
				SDKROOT = iphoneos;
				SWIFT_COMPILATION_MODE = wholemodule;
				SWIFT_OPTIMIZATION_LEVEL = "-O";
				VALIDATE_PRODUCT = YES;
			};
			name = Release;
		};
		7A062D5022E448F8009CC725 /* Debug */ = {
			isa = XCBuildConfiguration;
			baseConfigurationReference = D8A0DB944579A5F0C8D7BB26 /* Pods-ChicshinFirebaseFacebookAuth.debug.xcconfig */;
			buildSettings = {
				ASSETCATALOG_COMPILER_APPICON_NAME = AppIcon;
				CODE_SIGN_STYLE = Automatic;
				DEVELOPMENT_TEAM = X9VV74H39W;
				INFOPLIST_FILE = ChicshinFirebaseFacebookAuth/Info.plist;
				LD_RUNPATH_SEARCH_PATHS = (
					"$(inherited)",
					"@executable_path/Frameworks",
				);
				PRODUCT_BUNDLE_IDENTIFIER = com.chicshin.ChicshinFirebaseFacebookAuth;
				PRODUCT_NAME = "$(TARGET_NAME)";
				SWIFT_VERSION = 5.0;
				TARGETED_DEVICE_FAMILY = "1,2";
			};
			name = Debug;
		};
		7A062D5122E448F8009CC725 /* Release */ = {
			isa = XCBuildConfiguration;
			baseConfigurationReference = 788531E0836C6C9AF9F4351B /* Pods-ChicshinFirebaseFacebookAuth.release.xcconfig */;
			buildSettings = {
				ASSETCATALOG_COMPILER_APPICON_NAME = AppIcon;
				CODE_SIGN_STYLE = Automatic;
				DEVELOPMENT_TEAM = X9VV74H39W;
				INFOPLIST_FILE = ChicshinFirebaseFacebookAuth/Info.plist;
				LD_RUNPATH_SEARCH_PATHS = (
					"$(inherited)",
					"@executable_path/Frameworks",
				);
				PRODUCT_BUNDLE_IDENTIFIER = com.chicshin.ChicshinFirebaseFacebookAuth;
				PRODUCT_NAME = "$(TARGET_NAME)";
				SWIFT_VERSION = 5.0;
				TARGETED_DEVICE_FAMILY = "1,2";
			};
			name = Release;
		};
/* End XCBuildConfiguration section */

/* Begin XCConfigurationList section */
		7A062D3822E448F7009CC725 /* Build configuration list for PBXProject "ChicshinFirebaseFacebookAuth" */ = {
			isa = XCConfigurationList;
			buildConfigurations = (
				7A062D4D22E448F8009CC725 /* Debug */,
				7A062D4E22E448F8009CC725 /* Release */,
			);
			defaultConfigurationIsVisible = 0;
			defaultConfigurationName = Release;
		};
		7A062D4F22E448F8009CC725 /* Build configuration list for PBXNativeTarget "ChicshinFirebaseFacebookAuth" */ = {
			isa = XCConfigurationList;
			buildConfigurations = (
				7A062D5022E448F8009CC725 /* Debug */,
				7A062D5122E448F8009CC725 /* Release */,
			);
			defaultConfigurationIsVisible = 0;
			defaultConfigurationName = Release;
		};
/* End XCConfigurationList section */
	};
	rootObject = 7A062D3522E448F7009CC725 /* Project object */;
}
